
Microsoft Visual Studio Solution File, Format Version 12.00
# Visual Studio Version 17
VisualStudioVersion = 17.2.32616.157
MinimumVisualStudioVersion = 10.0.40219.1
Project("{9A19103F-16F7-4668-BE54-9A1E7A4F7556}") = "MultiTenancy", "MultiTenancy\MultiTenancy.csproj", "{89B01170-86DC-48A6-941F-CB9FAE2F03AC}"
EndProject
Project("{9A19103F-16F7-4668-BE54-9A1E7A4F7556}") = "MiltiTenancy.Tests", "MultiTenancy.Tests\MiltiTenancy.Tests.csproj", "{AA171992-A299-448F-A711-8BAD77484CBA}"
EndProject
Global
	GlobalSection(SolutionConfigurationPlatforms) = preSolution
		Debug|Any CPU = Debug|Any CPU
		Release|Any CPU = Release|Any CPU
	EndGlobalSection
	GlobalSection(ProjectConfigurationPlatforms) = postSolution
		{89B01170-86DC-48A6-941F-CB9FAE2F03AC}.Debug|Any CPU.ActiveCfg = Debug|Any CPU
		{89B01170-86DC-48A6-941F-CB9FAE2F03AC}.Debug|Any CPU.Build.0 = Debug|Any CPU
		{89B01170-86DC-48A6-941F-CB9FAE2F03AC}.Release|Any CPU.ActiveCfg = Release|Any CPU
		{89B01170-86DC-48A6-941F-CB9FAE2F03AC}.Release|Any CPU.Build.0 = Release|Any CPU
		{AA171992-A299-448F-A711-8BAD77484CBA}.Debug|Any CPU.ActiveCfg = Debug|Any CPU
		{AA171992-A299-448F-A711-8BAD77484CBA}.Debug|Any CPU.Build.0 = Debug|Any CPU
		{AA171992-A299-448F-A711-8BAD77484CBA}.Release|Any CPU.ActiveCfg = Release|Any CPU
		{AA171992-A299-448F-A711-8BAD77484CBA}.Release|Any CPU.Build.0 = Release|Any CPU
	EndGlobalSection
	GlobalSection(SolutionProperties) = preSolution
		HideSolutionNode = FALSE
	EndGlobalSection
	GlobalSection(ExtensibilityGlobals) = postSolution
		SolutionGuid = {6FE3B364-3730-41A6-8183-D559A4145B5F}
	EndGlobalSection
EndGlobal
